
Microsoft Visual Studio Solution File, Format Version 12.00
# Visual Studio Version 16
VisualStudioVersion = 16.0.29709.97
MinimumVisualStudioVersion = 10.0.40219.1
Project("{9A19103F-16F7-4668-BE54-9A1E7A4F7556}") = "CinemaConstructor", "CinemaConstructor\CinemaConstructor.csproj", "{31C8BB81-D3CF-49CD-911F-0D86D260A02B}"
EndProject
Project("{FAE04EC0-301F-11D3-BF4B-00C04F79EFBC}") = "CinemaConstructor.Database", "CinemaConstructor.Database\CinemaConstructor.Database.csproj", "{1F1FE4B3-AE54-4DA8-8AC9-911FAE3021C3}"
EndProject
Project("{FAE04EC0-301F-11D3-BF4B-00C04F79EFBC}") = "CinemaConstructor.Common", "CinemaConstructor.Common\CinemaConstructor.Common.csproj", "{D5A811D5-5983-4B0C-866B-2F4C16452010}"
EndProject
Project("{FAE04EC0-301F-11D3-BF4B-00C04F79EFBC}") = "Cinema", "Cinema\Cinema.csproj", "{10E65EBA-E344-4688-AFCA-2669B31962CE}"
EndProject
Global
	GlobalSection(SolutionConfigurationPlatforms) = preSolution
		Debug|Any CPU = Debug|Any CPU
		Release|Any CPU = Release|Any CPU
	EndGlobalSection
	GlobalSection(ProjectConfigurationPlatforms) = postSolution
		{31C8BB81-D3CF-49CD-911F-0D86D260A02B}.Debug|Any CPU.ActiveCfg = Debug|Any CPU
		{31C8BB81-D3CF-49CD-911F-0D86D260A02B}.Debug|Any CPU.Build.0 = Debug|Any CPU
		{31C8BB81-D3CF-49CD-911F-0D86D260A02B}.Release|Any CPU.ActiveCfg = Release|Any CPU
		{31C8BB81-D3CF-49CD-911F-0D86D260A02B}.Release|Any CPU.Build.0 = Release|Any CPU
		{1F1FE4B3-AE54-4DA8-8AC9-911FAE3021C3}.Debug|Any CPU.ActiveCfg = Debug|Any CPU
		{1F1FE4B3-AE54-4DA8-8AC9-911FAE3021C3}.Debug|Any CPU.Build.0 = Debug|Any CPU
		{1F1FE4B3-AE54-4DA8-8AC9-911FAE3021C3}.Release|Any CPU.ActiveCfg = Release|Any CPU
		{1F1FE4B3-AE54-4DA8-8AC9-911FAE3021C3}.Release|Any CPU.Build.0 = Release|Any CPU
		{D5A811D5-5983-4B0C-866B-2F4C16452010}.Debug|Any CPU.ActiveCfg = Debug|Any CPU
		{D5A811D5-5983-4B0C-866B-2F4C16452010}.Debug|Any CPU.Build.0 = Debug|Any CPU
		{D5A811D5-5983-4B0C-866B-2F4C16452010}.Release|Any CPU.ActiveCfg = Release|Any CPU
		{D5A811D5-5983-4B0C-866B-2F4C16452010}.Release|Any CPU.Build.0 = Release|Any CPU
		{10E65EBA-E344-4688-AFCA-2669B31962CE}.Debug|Any CPU.ActiveCfg = Debug|Any CPU
		{10E65EBA-E344-4688-AFCA-2669B31962CE}.Debug|Any CPU.Build.0 = Debug|Any CPU
		{10E65EBA-E344-4688-AFCA-2669B31962CE}.Release|Any CPU.ActiveCfg = Release|Any CPU
		{10E65EBA-E344-4688-AFCA-2669B31962CE}.Release|Any CPU.Build.0 = Release|Any CPU
	EndGlobalSection
	GlobalSection(SolutionProperties) = preSolution
		HideSolutionNode = FALSE
	EndGlobalSection
	GlobalSection(ExtensibilityGlobals) = postSolution
		SolutionGuid = {41CEEB0E-D9C4-4FE4-A1A9-F1FE27A9275F}
	EndGlobalSection
EndGlobal
